// !$*UTF8*$!
{
	archiveVersion = 1;
	classes = {
	};
	objectVersion = 48;
	objects = {

/* Begin PBXBuildFile section */
		241CFCEF2085BD0E009B4061 /* AppDelegate.swift in Sources */ = {isa = PBXBuildFile; fileRef = 241CFCEE2085BD0E009B4061 /* AppDelegate.swift */; };
		241CFCF12085BD0E009B4061 /* ViewController.swift in Sources */ = {isa = PBXBuildFile; fileRef = 241CFCF02085BD0E009B4061 /* ViewController.swift */; };
		241CFCF42085BD0E009B4061 /* Main.storyboard in Resources */ = {isa = PBXBuildFile; fileRef = 241CFCF22085BD0E009B4061 /* Main.storyboard */; };
		241CFCF62085BD0E009B4061 /* Assets.xcassets in Resources */ = {isa = PBXBuildFile; fileRef = 241CFCF52085BD0E009B4061 /* Assets.xcassets */; };
		241CFCF92085BD0E009B4061 /* LaunchScreen.storyboard in Resources */ = {isa = PBXBuildFile; fileRef = 241CFCF72085BD0E009B4061 /* LaunchScreen.storyboard */; };
/* End PBXBuildFile section */

/* Begin PBXFileReference section */
		241CFCEB2085BD0E009B4061 /* UIAerltColitorler.app */ = {isa = PBXFileReference; explicitFileType = wrapper.application; includeInIndex = 0; path = UIAerltColitorler.app; sourceTree = BUILT_PRODUCTS_DIR; };
		241CFCEE2085BD0E009B4061 /* AppDelegate.swift */ = {isa = PBXFileReference; lastKnownFileType = sourcecode.swift; path = AppDelegate.swift; sourceTree = "<group>"; };
		241CFCF02085BD0E009B4061 /* ViewController.swift */ = {isa = PBXFileReference; lastKnownFileType = sourcecode.swift; path = ViewController.swift; sourceTree = "<group>"; };
		241CFCF32085BD0E009B4061 /* Base */ = {isa = PBXFileReference; lastKnownFileType = file.storyboard; name = Base; path = Base.lproj/Main.storyboard; sourceTree = "<group>"; };
		241CFCF52085BD0E009B4061 /* Assets.xcassets */ = {isa = PBXFileReference; lastKnownFileType = folder.assetcatalog; path = Assets.xcassets; sourceTree = "<group>"; };
		241CFCF82085BD0E009B4061 /* Base */ = {isa = PBXFileReference; lastKnownFileType = file.storyboard; name = Base; path = Base.lproj/LaunchScreen.storyboard; sourceTree = "<group>"; };
		241CFCFA2085BD0E009B4061 /* Info.plist */ = {isa = PBXFileReference; lastKnownFileType = text.plist.xml; path = Info.plist; sourceTree = "<group>"; };
/* End PBXFileReference section */

/* Begin PBXFrameworksBuildPhase section */
		241CFCE82085BD0E009B4061 /* Frameworks */ = {
			isa = PBXFrameworksBuildPhase;
			buildActionMask = 2147483647;
			files = (
			);
			runOnlyForDeploymentPostprocessing = 0;
		};
/* End PBXFrameworksBuildPhase section */

/* Begin PBXGroup section */
		241CFCE22085BD0E009B4061 = {
			isa = PBXGroup;
			children = (
				241CFCED2085BD0E009B4061 /* UIAerltColitorler */,
				241CFCEC2085BD0E009B4061 /* Products */,
			);
			sourceTree = "<group>";
		};
		241CFCEC2085BD0E009B4061 /* Products */ = {
			isa = PBXGroup;
			children = (
				241CFCEB2085BD0E009B4061 /* UIAerltColitorler.app */,
			);
			name = Products;
			sourceTree = "<group>";
		};
		241CFCED2085BD0E009B4061 /* UIAerltColitorler */ = {
			isa = PBXGroup;
			children = (
				241CFCEE2085BD0E009B4061 /* AppDelegate.swift */,
				241CFCF02085BD0E009B4061 /* ViewController.swift */,
				241CFCF22085BD0E009B4061 /* Main.storyboard */,
				241CFCF52085BD0E009B4061 /* Assets.xcassets */,
				241CFCF72085BD0E009B4061 /* LaunchScreen.storyboard */,
				241CFCFA2085BD0E009B4061 /* Info.plist */,
			);
			path = UIAerltColitorler;
			sourceTree = "<group>";
		};
/* End PBXGroup section */

/* Begin PBXNativeTarget section */
		241CFCEA2085BD0E009B4061 /* UIAerltColitorler */ = {
			isa = PBXNativeTarget;
			buildConfigurationList = 241CFCFD2085BD0E009B4061 /* Build configuration list for PBXNativeTarget "UIAerltColitorler" */;
			buildPhases = (
				241CFCE72085BD0E009B4061 /* Sources */,
				241CFCE82085BD0E009B4061 /* Frameworks */,
				241CFCE92085BD0E009B4061 /* Resources */,
			);
			buildRules = (
			);
			dependencies = (
			);
			name = UIAerltColitorler;
			productName = UIAerltColitorler;
			productReference = 241CFCEB2085BD0E009B4061 /* UIAerltColitorler.app */;
			productType = "com.apple.product-type.application";
		};
/* End PBXNativeTarget section */

/* Begin PBXProject section */
		241CFCE32085BD0E009B4061 /* Project object */ = {
			isa = PBXProject;
			attributes = {
				LastSwiftUpdateCheck = 0920;
				LastUpgradeCheck = 0920;
				ORGANIZATIONNAME = s22dfg;
				TargetAttributes = {
					241CFCEA2085BD0E009B4061 = {
						CreatedOnToolsVersion = 9.2;
						ProvisioningStyle = Automatic;
					};
				};
			};
			buildConfigurationList = 241CFCE62085BD0E009B4061 /* Build configuration list for PBXProject "UIAerltColitorler" */;
			compatibilityVersion = "Xcode 8.0";
			developmentRegion = en;
			hasScannedForEncodings = 0;
			knownRegions = (
				en,
				Base,
			);
			mainGroup = 241CFCE22085BD0E009B4061;
			productRefGroup = 241CFCEC2085BD0E009B4061 /* Products */;
			projectDirPath = "";
			projectRoot = "";
			targets = (
				241CFCEA2085BD0E009B4061 /* UIAerltColitorler */,
			);
		};
/* End PBXProject section */

/* Begin PBXResourcesBuildPhase section */
		241CFCE92085BD0E009B4061 /* Resources */ = {
			isa = PBXResourcesBuildPhase;
			buildActionMask = 2147483647;
			files = (
				241CFCF92085BD0E009B4061 /* LaunchScreen.storyboard in Resources */,
				241CFCF62085BD0E009B4061 /* Assets.xcassets in Resources */,
				241CFCF42085BD0E009B4061 /* Main.storyboard in Resources */,
			);
			runOnlyForDeploymentPostprocessing = 0;
		};
/* End PBXResourcesBuildPhase section */

/* Begin PBXSourcesBuildPhase section */
		241CFCE72085BD0E009B4061 /* Sources */ = {
			isa = PBXSourcesBuildPhase;
			buildActionMask = 2147483647;
			files = (
				241CFCF12085BD0E009B4061 /* ViewController.swift in Sources */,
				241CFCEF2085BD0E009B4061 /* AppDelegate.swift in Sources */,
			);
			runOnlyForDeploymentPostprocessing = 0;
		};
/* End PBXSourcesBuildPhase section */

/* Begin PBXVariantGroup section */
		241CFCF22085BD0E009B4061 /* Main.storyboard */ = {
			isa = PBXVariantGroup;
			children = (
				241CFCF32085BD0E009B4061 /* Base */,
			);
			name = Main.storyboard;
			sourceTree = "<group>";
		};
		241CFCF72085BD0E009B4061 /* LaunchScreen.storyboard */ = {
			isa = PBXVariantGroup;
			children = (
				241CFCF82085BD0E009B4061 /* Base */,
			);
			name = LaunchScreen.storyboard;
			sourceTree = "<group>";
		};
/* End PBXVariantGroup section */

/* Begin XCBuildConfiguration section */
		241CFCFB2085BD0E009B4061 /* Debug */ = {
			isa = XCBuildConfiguration;
			buildSettings = {
				ALWAYS_SEARCH_USER_PATHS = NO;
				CLANG_ANALYZER_NONNULL = YES;
				CLANG_ANALYZER_NUMBER_OBJECT_CONVERSION = YES_AGGRESSIVE;
				CLANG_CXX_LANGUAGE_STANDARD = "gnu++14";
				CLANG_CXX_LIBRARY = "libc++";
				CLANG_ENABLE_MODULES = YES;
				CLANG_ENABLE_OBJC_ARC = YES;
				CLANG_WARN_BLOCK_CAPTURE_AUTORELEASING = YES;
				CLANG_WARN_BOOL_CONVERSION = YES;
				CLANG_WARN_COMMA = YES;
				CLANG_WARN_CONSTANT_CONVERSION = YES;
				CLANG_WARN_DIRECT_OBJC_ISA_USAGE = YES_ERROR;
				CLANG_WARN_DOCUMENTATION_COMMENTS = YES;
				CLANG_WARN_EMPTY_BODY = YES;
				CLANG_WARN_ENUM_CONVERSION = YES;
				CLANG_WARN_INFINITE_RECURSION = YES;
				CLANG_WARN_INT_CONVERSION = YES;
				CLANG_WARN_NON_LITERAL_NULL_CONVERSION = YES;
				CLANG_WARN_OBJC_LITERAL_CONVERSION = YES;
				CLANG_WARN_OBJC_ROOT_CLASS = YES_ERROR;
				CLANG_WARN_RANGE_LOOP_ANALYSIS = YES;
				CLANG_WARN_STRICT_PROTOTYPES = YES;
				CLANG_WARN_SUSPICIOUS_MOVE = YES;
				CLANG_WARN_UNGUARDED_AVAILABILITY = YES_AGGRESSIVE;
				CLANG_WARN_UNREACHABLE_CODE = YES;
				CLANG_WARN__DUPLICATE_METHOD_MATCH = YES;
				CODE_SIGN_IDENTITY = "iPhone Developer";
				COPY_PHASE_STRIP = NO;
				DEBUG_INFORMATION_FORMAT = dwarf;
				ENABLE_STRICT_OBJC_MSGSEND = YES;
				ENABLE_TESTABILITY = YES;
				GCC_C_LANGUAGE_STANDARD = gnu11;
				GCC_DYNAMIC_NO_PIC = NO;
				GCC_NO_COMMON_BLOCKS = YES;
				GCC_OPTIMIZATION_LEVEL = 0;
				GCC_PREPROCESSOR_DEFINITIONS = (
					"DEBUG=1",
					"$(inherited)",
				);
				GCC_WARN_64_TO_32_BIT_CONVERSION = YES;
				GCC_WARN_ABOUT_RETURN_TYPE = YES_ERROR;
				GCC_WARN_UNDECLARED_SELECTOR = YES;
				GCC_WARN_UNINITIALIZED_AUTOS = YES_AGGRESSIVE;
				GCC_WARN_UNUSED_FUNCTION = YES;
				GCC_WARN_UNUSED_VARIABLE = YES;
				IPHONEOS_DEPLOYMENT_TARGET = 11.2;
				MTL_ENABLE_DEBUG_INFO = YES;
				ONLY_ACTIVE_ARCH = YES;
				SDKROOT = iphoneos;
				SWIFT_ACTIVE_COMPILATION_CONDITIONS = DEBUG;
				SWIFT_OPTIMIZATION_LEVEL = "-Onone";
			};
			name = Debug;
		};
		241CFCFC2085BD0E009B4061 /* Release */ = {
			isa = XCBuildConfiguration;
			buildSettings = {
				ALWAYS_SEARCH_USER_PATHS = NO;
				CLANG_ANALYZER_NONNULL = YES;
				CLANG_ANALYZER_NUMBER_OBJECT_CONVERSION = YES_AGGRESSIVE;
				CLANG_CXX_LANGUAGE_STANDARD = "gnu++14";
				CLANG_CXX_LIBRARY = "libc++";
				CLANG_ENABLE_MODULES = YES;
				CLANG_ENABLE_OBJC_ARC = YES;
				CLANG_WARN_BLOCK_CAPTURE_AUTORELEASING = YES;
				CLANG_WARN_BOOL_CONVERSION = YES;
				CLANG_WARN_COMMA = YES;
				CLANG_WARN_CONSTANT_CONVERSION = YES;
				CLANG_WARN_DIRECT_OBJC_ISA_USAGE = YES_ERROR;
				CLANG_WARN_DOCUMENTATION_COMMENTS = YES;
				CLANG_WARN_EMPTY_BODY = YES;
				CLANG_WARN_ENUM_CONVERSION = YES;
				CLANG_WARN_INFINITE_RECURSION = YES;
				CLANG_WARN_INT_CONVERSION = YES;
				CLANG_WARN_NON_LITERAL_NULL_CONVERSION = YES;
				CLANG_WARN_OBJC_LITERAL_CONVERSION = YES;
				CLANG_WARN_OBJC_ROOT_CLASS = YES_ERROR;
				CLANG_WARN_RANGE_LOOP_ANALYSIS = YES;
				CLANG_WARN_STRICT_PROTOTYPES = YES;
				CLANG_WARN_SUSPICIOUS_MOVE = YES;
				CLANG_WARN_UNGUARDED_AVAILABILITY = YES_AGGRESSIVE;
				CLANG_WARN_UNREACHABLE_CODE = YES;
				CLANG_WARN__DUPLICATE_METHOD_MATCH = YES;
				CODE_SIGN_IDENTITY = "iPhone Developer";
				COPY_PHASE_STRIP = NO;
				DEBUG_INFORMATION_FORMAT = "dwarf-with-dsym";
				ENABLE_NS_ASSERTIONS = NO;
				ENABLE_STRICT_OBJC_MSGSEND = YES;
				GCC_C_LANGUAGE_STANDARD = gnu11;
				GCC_NO_COMMON_BLOCKS = YES;
				GCC_WARN_64_TO_32_BIT_CONVERSION = YES;
				GCC_WARN_ABOUT_RETURN_TYPE = YES_ERROR;
				GCC_WARN_UNDECLARED_SELECTOR = YES;
				GCC_WARN_UNINITIALIZED_AUTOS = YES_AGGRESSIVE;
				GCC_WARN_UNUSED_FUNCTION = YES;
				GCC_WARN_UNUSED_VARIABLE = YES;
				IPHONEOS_DEPLOYMENT_TARGET = 11.2;
				MTL_ENABLE_DEBUG_INFO = NO;
				SDKROOT = iphoneos;
				SWIFT_OPTIMIZATION_LEVEL = "-Owholemodule";
				VALIDATE_PRODUCT = YES;
			};
			name = Release;
		};
		241CFCFE2085BD0E009B4061 /* Debug */ = {
			isa = XCBuildConfiguration;
			buildSettings = {
				ASSETCATALOG_COMPILER_APPICON_NAME = AppIcon;
				CODE_SIGN_STYLE = Automatic;
				INFOPLIST_FILE = UIAerltColitorler/Info.plist;
				LD_RUNPATH_SEARCH_PATHS = "$(inherited) @executable_path/Frameworks";
				PRODUCT_BUNDLE_IDENTIFIER = "-01740990.UIAerltColitorler";
				PRODUCT_NAME = "$(TARGET_NAME)";
				SWIFT_VERSION = 4.0;
				TARGETED_DEVICE_FAMILY = "1,2";
			};
			name = Debug;
		};
		241CFCFF2085BD0E009B4061 /* Release */ = {
			isa = XCBuildConfiguration;
			buildSettings = {
				ASSETCATALOG_COMPILER_APPICON_NAME = AppIcon;
				CODE_SIGN_STYLE = Automatic;
				INFOPLIST_FILE = UIAerltColitorler/Info.plist;
				LD_RUNPATH_SEARCH_PATHS = "$(inherited) @executable_path/Frameworks";
				PRODUCT_BUNDLE_IDENTIFIER = "-01740990.UIAerltColitorler";
				PRODUCT_NAME = "$(TARGET_NAME)";
				SWIFT_VERSION = 4.0;
				TARGETED_DEVICE_FAMILY = "1,2";
			};
			name = Release;
		};
/* End XCBuildConfiguration section */

/* Begin XCConfigurationList section */
		241CFCE62085BD0E009B4061 /* Build configuration list for PBXProject "UIAerltColitorler" */ = {
			isa = XCConfigurationList;
			buildConfigurations = (
				241CFCFB2085BD0E009B4061 /* Debug */,
				241CFCFC2085BD0E009B4061 /* Release */,
			);
			defaultConfigurationIsVisible = 0;
			defaultConfigurationName = Release;
		};
		241CFCFD2085BD0E009B4061 /* Build configuration list for PBXNativeTarget "UIAerltColitorler" */ = {
			isa = XCConfigurationList;
			buildConfigurations = (
				241CFCFE2085BD0E009B4061 /* Debug */,
				241CFCFF2085BD0E009B4061 /* Release */,
			);
			defaultConfigurationIsVisible = 0;
			defaultConfigurationName = Release;
		};
/* End XCConfigurationList section */
	};
	rootObject = 241CFCE32085BD0E009B4061 /* Project object */;
}
